
Microsoft Visual Studio Solution File, Format Version 12.00
# Visual Studio Version 16
VisualStudioVersion = 16.0.28917.181
MinimumVisualStudioVersion = 10.0.40219.1
Project("{FAE04EC0-301F-11D3-BF4B-00C04F79EFBC}") = "Win10Bluetooth", "Win10Bluetooth\Win10Bluetooth.csproj", "{7074063C-CC86-444D-82FC-BFB7C9645346}"
EndProject
Global
	GlobalSection(SolutionConfigurationPlatforms) = preSolution
		Debug|Any CPU = Debug|Any CPU
		Release|Any CPU = Release|Any CPU
	EndGlobalSection
	GlobalSection(ProjectConfigurationPlatforms) = postSolution
		{7074063C-CC86-444D-82FC-BFB7C9645346}.Debug|Any CPU.ActiveCfg = Debug|Any CPU
		{7074063C-CC86-444D-82FC-BFB7C9645346}.Debug|Any CPU.Build.0 = Debug|Any CPU
		{7074063C-CC86-444D-82FC-BFB7C9645346}.Release|Any CPU.ActiveCfg = Release|Any CPU
		{7074063C-CC86-444D-82FC-BFB7C9645346}.Release|Any CPU.Build.0 = Release|Any CPU
	EndGlobalSection
	GlobalSection(SolutionProperties) = preSolution
		HideSolutionNode = FALSE
	EndGlobalSection
	GlobalSection(ExtensibilityGlobals) = postSolution
		SolutionGuid = {14FF31A1-13AB-402B-96DE-7205BD712B21}
	EndGlobalSection
EndGlobal
